
Microsoft Visual Studio Solution File, Format Version 12.00
# Visual Studio Version 16
VisualStudioVersion = 16.0.29806.167
MinimumVisualStudioVersion = 10.0.40219.1
Project("{8BC9CEB8-8B4A-11D0-8D11-00A0C91BC942}") = "uppg7", "uppg7\uppg7.vcxproj", "{650FA505-94A1-4545-8E64-5A2575BA1F5D}"
EndProject
Global
	GlobalSection(SolutionConfigurationPlatforms) = preSolution
		Debug|x64 = Debug|x64
		Debug|x86 = Debug|x86
		Release|x64 = Release|x64
		Release|x86 = Release|x86
	EndGlobalSection
	GlobalSection(ProjectConfigurationPlatforms) = postSolution
		{650FA505-94A1-4545-8E64-5A2575BA1F5D}.Debug|x64.ActiveCfg = Debug|x64
		{650FA505-94A1-4545-8E64-5A2575BA1F5D}.Debug|x64.Build.0 = Debug|x64
		{650FA505-94A1-4545-8E64-5A2575BA1F5D}.Debug|x86.ActiveCfg = Debug|Win32
		{650FA505-94A1-4545-8E64-5A2575BA1F5D}.Debug|x86.Build.0 = Debug|Win32
		{650FA505-94A1-4545-8E64-5A2575BA1F5D}.Release|x64.ActiveCfg = Release|x64
		{650FA505-94A1-4545-8E64-5A2575BA1F5D}.Release|x64.Build.0 = Release|x64
		{650FA505-94A1-4545-8E64-5A2575BA1F5D}.Release|x86.ActiveCfg = Release|Win32
		{650FA505-94A1-4545-8E64-5A2575BA1F5D}.Release|x86.Build.0 = Release|Win32
	EndGlobalSection
	GlobalSection(SolutionProperties) = preSolution
		HideSolutionNode = FALSE
	EndGlobalSection
	GlobalSection(ExtensibilityGlobals) = postSolution
		SolutionGuid = {8863CCF1-7013-4E88-AD96-2276B4E49F68}
	EndGlobalSection
EndGlobal
