
Microsoft Visual Studio Solution File, Format Version 12.00
# Visual Studio Version 16
VisualStudioVersion = 16.0.29806.167
MinimumVisualStudioVersion = 10.0.40219.1
Project("{8BC9CEB8-8B4A-11D0-8D11-00A0C91BC942}") = "uppg15", "uppg15\uppg15.vcxproj", "{03ADDBDD-6744-4C1A-A001-60D5B426B40F}"
EndProject
Global
	GlobalSection(SolutionConfigurationPlatforms) = preSolution
		Debug|x64 = Debug|x64
		Debug|x86 = Debug|x86
		Release|x64 = Release|x64
		Release|x86 = Release|x86
	EndGlobalSection
	GlobalSection(ProjectConfigurationPlatforms) = postSolution
		{03ADDBDD-6744-4C1A-A001-60D5B426B40F}.Debug|x64.ActiveCfg = Debug|x64
		{03ADDBDD-6744-4C1A-A001-60D5B426B40F}.Debug|x64.Build.0 = Debug|x64
		{03ADDBDD-6744-4C1A-A001-60D5B426B40F}.Debug|x86.ActiveCfg = Debug|Win32
		{03ADDBDD-6744-4C1A-A001-60D5B426B40F}.Debug|x86.Build.0 = Debug|Win32
		{03ADDBDD-6744-4C1A-A001-60D5B426B40F}.Release|x64.ActiveCfg = Release|x64
		{03ADDBDD-6744-4C1A-A001-60D5B426B40F}.Release|x64.Build.0 = Release|x64
		{03ADDBDD-6744-4C1A-A001-60D5B426B40F}.Release|x86.ActiveCfg = Release|Win32
		{03ADDBDD-6744-4C1A-A001-60D5B426B40F}.Release|x86.Build.0 = Release|Win32
	EndGlobalSection
	GlobalSection(SolutionProperties) = preSolution
		HideSolutionNode = FALSE
	EndGlobalSection
	GlobalSection(ExtensibilityGlobals) = postSolution
		SolutionGuid = {37683195-2E66-4CFB-B8C8-3E23678D2A24}
	EndGlobalSection
EndGlobal
